
Microsoft Visual Studio Solution File, Format Version 12.00
# Visual Studio Version 17
VisualStudioVersion = 17.14.36408.4
MinimumVisualStudioVersion = 10.0.40219.1
Project("{9A19103F-16F7-4668-BE54-9A1E7A4F7556}") = "MineCase.Server", "src\MineCase.Server\MineCase.Server.csproj", "{8E71CBEC-5804-4125-B651-C78426E57C8C}"
EndProject
Project("{9A19103F-16F7-4668-BE54-9A1E7A4F7556}") = "MineCase.Gateway", "src\MineCase.Gateway\MineCase.Gateway.csproj", "{08B3641D-29F1-4E2B-BA88-84B2FFB436FF}"
EndProject
Project("{9A19103F-16F7-4668-BE54-9A1E7A4F7556}") = "MineCase.Protocol", "src\MineCase.Protocol\MineCase.Protocol.csproj", "{0842DE6C-4270-440E-9666-255A0B2EC1D9}"
EndProject
Project("{9A19103F-16F7-4668-BE54-9A1E7A4F7556}") = "MineCase.Server.Interfaces", "src\MineCase.Server.Interfaces\MineCase.Server.Interfaces.csproj", "{98454B69-800A-4DEB-8D13-1E244BF15507}"
EndProject
Project("{9A19103F-16F7-4668-BE54-9A1E7A4F7556}") = "MineCase.Server.Grains", "src\MineCase.Server.Grains\MineCase.Server.Grains.csproj", "{3F83DE42-121D-4E7A-AB27-825AD8179D3C}"
EndProject
Project("{9A19103F-16F7-4668-BE54-9A1E7A4F7556}") = "MineCase.Nbt", "src\MineCase.Nbt\MineCase.Nbt.csproj", "{199335D6-9726-42E1-94F2-7D95932D4DDC}"
EndProject
Project("{2150E333-8FDC-42A3-9474-1A3956D46DE8}") = "build", "build", "{A0B013BF-4BEB-4044-AA59-A9ED3AFBF99D}"
	ProjectSection(SolutionItems) = preProject
		build\Analyzers.ruleset = build\Analyzers.ruleset
		NuGet.config = NuGet.config
		build\stylecop.json = build\stylecop.json
	EndProjectSection
EndProject
Project("{9A19103F-16F7-4668-BE54-9A1E7A4F7556}") = "MineCase.Algorithm", "src\MineCase.Algorithm\MineCase.Algorithm.csproj", "{47C1F452-E59C-42E3-8799-BF09444D8384}"
EndProject
Project("{2150E333-8FDC-42A3-9474-1A3956D46DE8}") = "Tests", "Tests", "{D53C0015-5761-4018-A50A-63C919C00D35}"
EndProject
Project("{9A19103F-16F7-4668-BE54-9A1E7A4F7556}") = "MineCase.Core", "src\MineCase.Core\MineCase.Core.csproj", "{B7B1A959-72F3-42C6-B138-93C8D654F139}"
EndProject
Project("{2150E333-8FDC-42A3-9474-1A3956D46DE8}") = "data", "data", "{7DC8CDBD-087D-4F3C-B765-CA77783BECA5}"
	ProjectSection(SolutionItems) = preProject
		data\brewing.txt = data\brewing.txt
		data\crafting.txt = data\crafting.txt
		data\digging.txt = data\digging.txt
		data\furnace.txt = data\furnace.txt
	EndProjectSection
EndProject
Project("{9A19103F-16F7-4668-BE54-9A1E7A4F7556}") = "MineCase.Server.Engine", "src\MineCase.Server.Engine\MineCase.Server.Engine.csproj", "{76AFDAE6-75F7-4E68-86CD-DE19CA47246B}"
EndProject
Project("{2150E333-8FDC-42A3-9474-1A3956D46DE8}") = "Server", "Server", "{1077810B-83FF-405E-94BD-95AFC284A416}"
EndProject
Project("{2150E333-8FDC-42A3-9474-1A3956D46DE8}") = "Common", "Common", "{CB620063-55E2-4694-B1E0-E99BB032BF03}"
EndProject
Project("{2150E333-8FDC-42A3-9474-1A3956D46DE8}") = "Client", "Client", "{5FE43A62-34E9-44CC-B5FF-D66EC916CFA1}"
EndProject
Project("{9A19103F-16F7-4668-BE54-9A1E7A4F7556}") = "MineCase.Serialization", "src\MineCase.Serialization\MineCase.Serialization.csproj", "{AA85C7DA-31CB-499B-A74F-CF4FDC8EF669}"
EndProject
Project("{FAE04EC0-301F-11D3-BF4B-00C04F79EFBC}") = "MineCase.CodeGeneration", "src\MineCase.CodeGeneration\MineCase.CodeGeneration.csproj", "{06CF9DBB-D9F2-4242-BC81-48E8EBE749AC}"
EndProject
Project("{FAE04EC0-301F-11D3-BF4B-00C04F79EFBC}") = "MineCase.Library", "src\MineCase.Library\MineCase.Library.csproj", "{39D42761-EB25-49C3-9D96-0738E5179688}"
EndProject
Project("{2150E333-8FDC-42A3-9474-1A3956D46DE8}") = "Aspire", "Aspire", "{02EA681E-C7D8-13C7-8484-4AC65E1B71E8}"
EndProject
Project("{FAE04EC0-301F-11D3-BF4B-00C04F79EFBC}") = "MineCase.AppHost", "src\MineCase.AppHost\MineCase.AppHost.csproj", "{B6B0B501-6E15-4E68-9A16-8A2E64BAA956}"
EndProject
Project("{FAE04EC0-301F-11D3-BF4B-00C04F79EFBC}") = "MineCase.ServiceDefaults", "src\MineCase.ServiceDefaults\MineCase.ServiceDefaults.csproj", "{2C0D92EF-C57F-7A39-1BDA-64A9E3728EFD}"
EndProject
Project("{2150E333-8FDC-42A3-9474-1A3956D46DE8}") = "Gateway", "Gateway", "{585EE262-5337-4631-96C6-6EB1245B2B71}"
EndProject
Project("{FAE04EC0-301F-11D3-BF4B-00C04F79EFBC}") = "MineCase.UnitTests", "tests\MineCase.UnitTests\MineCase.UnitTests.csproj", "{3491E2FB-127F-D2C6-804B-49BD65C86B13}"
EndProject
Project("{2150E333-8FDC-42A3-9474-1A3956D46DE8}") = "solution", "solution", "{DCC39659-C608-42CA-A456-15C0F4FA95E2}"
	ProjectSection(SolutionItems) = preProject
		Directory.Packages.props = Directory.Packages.props
	EndProjectSection
EndProject
Project("{2150E333-8FDC-42A3-9474-1A3956D46DE8}") = "Playground", "Playground", "{FDB4614E-9C5D-4CBC-AEAD-6B930B2C889D}"
EndProject
Project("{FAE04EC0-301F-11D3-BF4B-00C04F79EFBC}") = "ActivationRebalancing.Frontend", "src\ActivationRebalancing.Frontend\ActivationRebalancing.Frontend.csproj", "{377B7F0C-E93C-F1B3-DA53-5A213F4D20D6}"
EndProject
Project("{FAE04EC0-301F-11D3-BF4B-00C04F79EFBC}") = "DashboardToy.Frontend", "src\DashboardToy.Frontend\DashboardToy.Frontend.csproj", "{7C05C555-3395-B73D-3441-D607D9E099F6}"
EndProject
Global
	GlobalSection(SolutionConfigurationPlatforms) = preSolution
		Appveyor|Any CPU = Appveyor|Any CPU
		Debug|Any CPU = Debug|Any CPU
		Release|Any CPU = Release|Any CPU
		TravisCI|Any CPU = TravisCI|Any CPU
	EndGlobalSection
	GlobalSection(ProjectConfigurationPlatforms) = postSolution
		{8E71CBEC-5804-4125-B651-C78426E57C8C}.Appveyor|Any CPU.ActiveCfg = Appveyor|Any CPU
		{8E71CBEC-5804-4125-B651-C78426E57C8C}.Appveyor|Any CPU.Build.0 = Appveyor|Any CPU
		{8E71CBEC-5804-4125-B651-C78426E57C8C}.Debug|Any CPU.ActiveCfg = Debug|Any CPU
		{8E71CBEC-5804-4125-B651-C78426E57C8C}.Debug|Any CPU.Build.0 = Debug|Any CPU
		{8E71CBEC-5804-4125-B651-C78426E57C8C}.Release|Any CPU.ActiveCfg = Release|Any CPU
		{8E71CBEC-5804-4125-B651-C78426E57C8C}.Release|Any CPU.Build.0 = Release|Any CPU
		{8E71CBEC-5804-4125-B651-C78426E57C8C}.TravisCI|Any CPU.ActiveCfg = TravisCI|Any CPU
		{8E71CBEC-5804-4125-B651-C78426E57C8C}.TravisCI|Any CPU.Build.0 = TravisCI|Any CPU
		{08B3641D-29F1-4E2B-BA88-84B2FFB436FF}.Appveyor|Any CPU.ActiveCfg = Appveyor|Any CPU
		{08B3641D-29F1-4E2B-BA88-84B2FFB436FF}.Appveyor|Any CPU.Build.0 = Appveyor|Any CPU
		{08B3641D-29F1-4E2B-BA88-84B2FFB436FF}.Debug|Any CPU.ActiveCfg = Debug|Any CPU
		{08B3641D-29F1-4E2B-BA88-84B2FFB436FF}.Debug|Any CPU.Build.0 = Debug|Any CPU
		{08B3641D-29F1-4E2B-BA88-84B2FFB436FF}.Release|Any CPU.ActiveCfg = Release|Any CPU
		{08B3641D-29F1-4E2B-BA88-84B2FFB436FF}.Release|Any CPU.Build.0 = Release|Any CPU
		{08B3641D-29F1-4E2B-BA88-84B2FFB436FF}.TravisCI|Any CPU.ActiveCfg = TravisCI|Any CPU
		{08B3641D-29F1-4E2B-BA88-84B2FFB436FF}.TravisCI|Any CPU.Build.0 = TravisCI|Any CPU
		{0842DE6C-4270-440E-9666-255A0B2EC1D9}.Appveyor|Any CPU.ActiveCfg = Appveyor|Any CPU
		{0842DE6C-4270-440E-9666-255A0B2EC1D9}.Appveyor|Any CPU.Build.0 = Appveyor|Any CPU
		{0842DE6C-4270-440E-9666-255A0B2EC1D9}.Debug|Any CPU.ActiveCfg = Debug|Any CPU
		{0842DE6C-4270-440E-9666-255A0B2EC1D9}.Debug|Any CPU.Build.0 = Debug|Any CPU
		{0842DE6C-4270-440E-9666-255A0B2EC1D9}.Release|Any CPU.ActiveCfg = Release|Any CPU
		{0842DE6C-4270-440E-9666-255A0B2EC1D9}.Release|Any CPU.Build.0 = Release|Any CPU
		{0842DE6C-4270-440E-9666-255A0B2EC1D9}.TravisCI|Any CPU.ActiveCfg = TravisCI|Any CPU
		{0842DE6C-4270-440E-9666-255A0B2EC1D9}.TravisCI|Any CPU.Build.0 = TravisCI|Any CPU
		{98454B69-800A-4DEB-8D13-1E244BF15507}.Appveyor|Any CPU.ActiveCfg = Appveyor|Any CPU
		{98454B69-800A-4DEB-8D13-1E244BF15507}.Appveyor|Any CPU.Build.0 = Appveyor|Any CPU
		{98454B69-800A-4DEB-8D13-1E244BF15507}.Debug|Any CPU.ActiveCfg = Debug|Any CPU
		{98454B69-800A-4DEB-8D13-1E244BF15507}.Debug|Any CPU.Build.0 = Debug|Any CPU
		{98454B69-800A-4DEB-8D13-1E244BF15507}.Release|Any CPU.ActiveCfg = Release|Any CPU
		{98454B69-800A-4DEB-8D13-1E244BF15507}.Release|Any CPU.Build.0 = Release|Any CPU
		{98454B69-800A-4DEB-8D13-1E244BF15507}.TravisCI|Any CPU.ActiveCfg = TravisCI|Any CPU
		{98454B69-800A-4DEB-8D13-1E244BF15507}.TravisCI|Any CPU.Build.0 = TravisCI|Any CPU
		{3F83DE42-121D-4E7A-AB27-825AD8179D3C}.Appveyor|Any CPU.ActiveCfg = Appveyor|Any CPU
		{3F83DE42-121D-4E7A-AB27-825AD8179D3C}.Appveyor|Any CPU.Build.0 = Appveyor|Any CPU
		{3F83DE42-121D-4E7A-AB27-825AD8179D3C}.Debug|Any CPU.ActiveCfg = Debug|Any CPU
		{3F83DE42-121D-4E7A-AB27-825AD8179D3C}.Debug|Any CPU.Build.0 = Debug|Any CPU
		{3F83DE42-121D-4E7A-AB27-825AD8179D3C}.Release|Any CPU.ActiveCfg = Release|Any CPU
		{3F83DE42-121D-4E7A-AB27-825AD8179D3C}.Release|Any CPU.Build.0 = Release|Any CPU
		{3F83DE42-121D-4E7A-AB27-825AD8179D3C}.TravisCI|Any CPU.ActiveCfg = TravisCI|Any CPU
		{3F83DE42-121D-4E7A-AB27-825AD8179D3C}.TravisCI|Any CPU.Build.0 = TravisCI|Any CPU
		{199335D6-9726-42E1-94F2-7D95932D4DDC}.Appveyor|Any CPU.ActiveCfg = Appveyor|Any CPU
		{199335D6-9726-42E1-94F2-7D95932D4DDC}.Appveyor|Any CPU.Build.0 = Appveyor|Any CPU
		{199335D6-9726-42E1-94F2-7D95932D4DDC}.Debug|Any CPU.ActiveCfg = Debug|Any CPU
		{199335D6-9726-42E1-94F2-7D95932D4DDC}.Debug|Any CPU.Build.0 = Debug|Any CPU
		{199335D6-9726-42E1-94F2-7D95932D4DDC}.Release|Any CPU.ActiveCfg = Release|Any CPU
		{199335D6-9726-42E1-94F2-7D95932D4DDC}.Release|Any CPU.Build.0 = Release|Any CPU
		{199335D6-9726-42E1-94F2-7D95932D4DDC}.TravisCI|Any CPU.ActiveCfg = TravisCI|Any CPU
		{199335D6-9726-42E1-94F2-7D95932D4DDC}.TravisCI|Any CPU.Build.0 = TravisCI|Any CPU
		{47C1F452-E59C-42E3-8799-BF09444D8384}.Appveyor|Any CPU.ActiveCfg = Appveyor|Any CPU
		{47C1F452-E59C-42E3-8799-BF09444D8384}.Appveyor|Any CPU.Build.0 = Appveyor|Any CPU
		{47C1F452-E59C-42E3-8799-BF09444D8384}.Debug|Any CPU.ActiveCfg = Debug|Any CPU
		{47C1F452-E59C-42E3-8799-BF09444D8384}.Debug|Any CPU.Build.0 = Debug|Any CPU
		{47C1F452-E59C-42E3-8799-BF09444D8384}.Release|Any CPU.ActiveCfg = Release|Any CPU
		{47C1F452-E59C-42E3-8799-BF09444D8384}.Release|Any CPU.Build.0 = Release|Any CPU
		{47C1F452-E59C-42E3-8799-BF09444D8384}.TravisCI|Any CPU.ActiveCfg = TravisCI|Any CPU
		{47C1F452-E59C-42E3-8799-BF09444D8384}.TravisCI|Any CPU.Build.0 = TravisCI|Any CPU
		{B7B1A959-72F3-42C6-B138-93C8D654F139}.Appveyor|Any CPU.ActiveCfg = Appveyor|Any CPU
		{B7B1A959-72F3-42C6-B138-93C8D654F139}.Appveyor|Any CPU.Build.0 = Appveyor|Any CPU
		{B7B1A959-72F3-42C6-B138-93C8D654F139}.Debug|Any CPU.ActiveCfg = Debug|Any CPU
		{B7B1A959-72F3-42C6-B138-93C8D654F139}.Debug|Any CPU.Build.0 = Debug|Any CPU
		{B7B1A959-72F3-42C6-B138-93C8D654F139}.Release|Any CPU.ActiveCfg = Release|Any CPU
		{B7B1A959-72F3-42C6-B138-93C8D654F139}.Release|Any CPU.Build.0 = Release|Any CPU
		{B7B1A959-72F3-42C6-B138-93C8D654F139}.TravisCI|Any CPU.ActiveCfg = TravisCI|Any CPU
		{B7B1A959-72F3-42C6-B138-93C8D654F139}.TravisCI|Any CPU.Build.0 = TravisCI|Any CPU
		{76AFDAE6-75F7-4E68-86CD-DE19CA47246B}.Appveyor|Any CPU.ActiveCfg = Appveyor|Any CPU
		{76AFDAE6-75F7-4E68-86CD-DE19CA47246B}.Appveyor|Any CPU.Build.0 = Appveyor|Any CPU
		{76AFDAE6-75F7-4E68-86CD-DE19CA47246B}.Debug|Any CPU.ActiveCfg = Debug|Any CPU
		{76AFDAE6-75F7-4E68-86CD-DE19CA47246B}.Debug|Any CPU.Build.0 = Debug|Any CPU
		{76AFDAE6-75F7-4E68-86CD-DE19CA47246B}.Release|Any CPU.ActiveCfg = Release|Any CPU
		{76AFDAE6-75F7-4E68-86CD-DE19CA47246B}.Release|Any CPU.Build.0 = Release|Any CPU
		{76AFDAE6-75F7-4E68-86CD-DE19CA47246B}.TravisCI|Any CPU.ActiveCfg = TravisCI|Any CPU
		{76AFDAE6-75F7-4E68-86CD-DE19CA47246B}.TravisCI|Any CPU.Build.0 = TravisCI|Any CPU
		{AA85C7DA-31CB-499B-A74F-CF4FDC8EF669}.Appveyor|Any CPU.ActiveCfg = Appveyor|Any CPU
		{AA85C7DA-31CB-499B-A74F-CF4FDC8EF669}.Appveyor|Any CPU.Build.0 = Appveyor|Any CPU
		{AA85C7DA-31CB-499B-A74F-CF4FDC8EF669}.Debug|Any CPU.ActiveCfg = Debug|Any CPU
		{AA85C7DA-31CB-499B-A74F-CF4FDC8EF669}.Debug|Any CPU.Build.0 = Debug|Any CPU
		{AA85C7DA-31CB-499B-A74F-CF4FDC8EF669}.Release|Any CPU.ActiveCfg = Release|Any CPU
		{AA85C7DA-31CB-499B-A74F-CF4FDC8EF669}.Release|Any CPU.Build.0 = Release|Any CPU
		{AA85C7DA-31CB-499B-A74F-CF4FDC8EF669}.TravisCI|Any CPU.ActiveCfg = TravisCI|Any CPU
		{AA85C7DA-31CB-499B-A74F-CF4FDC8EF669}.TravisCI|Any CPU.Build.0 = TravisCI|Any CPU
		{06CF9DBB-D9F2-4242-BC81-48E8EBE749AC}.Appveyor|Any CPU.ActiveCfg = Debug|Any CPU
		{06CF9DBB-D9F2-4242-BC81-48E8EBE749AC}.Appveyor|Any CPU.Build.0 = Debug|Any CPU
		{06CF9DBB-D9F2-4242-BC81-48E8EBE749AC}.Debug|Any CPU.ActiveCfg = Debug|Any CPU
		{06CF9DBB-D9F2-4242-BC81-48E8EBE749AC}.Debug|Any CPU.Build.0 = Debug|Any CPU
		{06CF9DBB-D9F2-4242-BC81-48E8EBE749AC}.Release|Any CPU.ActiveCfg = Release|Any CPU
		{06CF9DBB-D9F2-4242-BC81-48E8EBE749AC}.Release|Any CPU.Build.0 = Release|Any CPU
		{06CF9DBB-D9F2-4242-BC81-48E8EBE749AC}.TravisCI|Any CPU.ActiveCfg = Debug|Any CPU
		{06CF9DBB-D9F2-4242-BC81-48E8EBE749AC}.TravisCI|Any CPU.Build.0 = Debug|Any CPU
		{39D42761-EB25-49C3-9D96-0738E5179688}.Appveyor|Any CPU.ActiveCfg = Release|Any CPU
		{39D42761-EB25-49C3-9D96-0738E5179688}.Appveyor|Any CPU.Build.0 = Release|Any CPU
		{39D42761-EB25-49C3-9D96-0738E5179688}.Debug|Any CPU.ActiveCfg = Debug|Any CPU
		{39D42761-EB25-49C3-9D96-0738E5179688}.Debug|Any CPU.Build.0 = Debug|Any CPU
		{39D42761-EB25-49C3-9D96-0738E5179688}.Release|Any CPU.ActiveCfg = Release|Any CPU
		{39D42761-EB25-49C3-9D96-0738E5179688}.Release|Any CPU.Build.0 = Release|Any CPU
		{39D42761-EB25-49C3-9D96-0738E5179688}.TravisCI|Any CPU.ActiveCfg = Debug|Any CPU
		{39D42761-EB25-49C3-9D96-0738E5179688}.TravisCI|Any CPU.Build.0 = Debug|Any CPU
		{B6B0B501-6E15-4E68-9A16-8A2E64BAA956}.Appveyor|Any CPU.ActiveCfg = Release|Any CPU
		{B6B0B501-6E15-4E68-9A16-8A2E64BAA956}.Appveyor|Any CPU.Build.0 = Release|Any CPU
		{B6B0B501-6E15-4E68-9A16-8A2E64BAA956}.Debug|Any CPU.ActiveCfg = Debug|Any CPU
		{B6B0B501-6E15-4E68-9A16-8A2E64BAA956}.Debug|Any CPU.Build.0 = Debug|Any CPU
		{B6B0B501-6E15-4E68-9A16-8A2E64BAA956}.Release|Any CPU.ActiveCfg = Release|Any CPU
		{B6B0B501-6E15-4E68-9A16-8A2E64BAA956}.Release|Any CPU.Build.0 = Release|Any CPU
		{B6B0B501-6E15-4E68-9A16-8A2E64BAA956}.TravisCI|Any CPU.ActiveCfg = Debug|Any CPU
		{B6B0B501-6E15-4E68-9A16-8A2E64BAA956}.TravisCI|Any CPU.Build.0 = Debug|Any CPU
		{2C0D92EF-C57F-7A39-1BDA-64A9E3728EFD}.Appveyor|Any CPU.ActiveCfg = Release|Any CPU
		{2C0D92EF-C57F-7A39-1BDA-64A9E3728EFD}.Appveyor|Any CPU.Build.0 = Release|Any CPU
		{2C0D92EF-C57F-7A39-1BDA-64A9E3728EFD}.Debug|Any CPU.ActiveCfg = Debug|Any CPU
		{2C0D92EF-C57F-7A39-1BDA-64A9E3728EFD}.Debug|Any CPU.Build.0 = Debug|Any CPU
		{2C0D92EF-C57F-7A39-1BDA-64A9E3728EFD}.Release|Any CPU.ActiveCfg = Release|Any CPU
		{2C0D92EF-C57F-7A39-1BDA-64A9E3728EFD}.Release|Any CPU.Build.0 = Release|Any CPU
		{2C0D92EF-C57F-7A39-1BDA-64A9E3728EFD}.TravisCI|Any CPU.ActiveCfg = Debug|Any CPU
		{2C0D92EF-C57F-7A39-1BDA-64A9E3728EFD}.TravisCI|Any CPU.Build.0 = Debug|Any CPU
		{3491E2FB-127F-D2C6-804B-49BD65C86B13}.Appveyor|Any CPU.ActiveCfg = Appveyor|Any CPU
		{3491E2FB-127F-D2C6-804B-49BD65C86B13}.Appveyor|Any CPU.Build.0 = Appveyor|Any CPU
		{3491E2FB-127F-D2C6-804B-49BD65C86B13}.Debug|Any CPU.ActiveCfg = Debug|Any CPU
		{3491E2FB-127F-D2C6-804B-49BD65C86B13}.Debug|Any CPU.Build.0 = Debug|Any CPU
		{3491E2FB-127F-D2C6-804B-49BD65C86B13}.Release|Any CPU.ActiveCfg = Release|Any CPU
		{3491E2FB-127F-D2C6-804B-49BD65C86B13}.Release|Any CPU.Build.0 = Release|Any CPU
		{3491E2FB-127F-D2C6-804B-49BD65C86B13}.TravisCI|Any CPU.ActiveCfg = TravisCI|Any CPU
		{3491E2FB-127F-D2C6-804B-49BD65C86B13}.TravisCI|Any CPU.Build.0 = TravisCI|Any CPU
		{377B7F0C-E93C-F1B3-DA53-5A213F4D20D6}.Appveyor|Any CPU.ActiveCfg = Release|Any CPU
		{377B7F0C-E93C-F1B3-DA53-5A213F4D20D6}.Appveyor|Any CPU.Build.0 = Release|Any CPU
		{377B7F0C-E93C-F1B3-DA53-5A213F4D20D6}.Debug|Any CPU.ActiveCfg = Debug|Any CPU
		{377B7F0C-E93C-F1B3-DA53-5A213F4D20D6}.Debug|Any CPU.Build.0 = Debug|Any CPU
		{377B7F0C-E93C-F1B3-DA53-5A213F4D20D6}.Release|Any CPU.ActiveCfg = Release|Any CPU
		{377B7F0C-E93C-F1B3-DA53-5A213F4D20D6}.Release|Any CPU.Build.0 = Release|Any CPU
		{377B7F0C-E93C-F1B3-DA53-5A213F4D20D6}.TravisCI|Any CPU.ActiveCfg = Debug|Any CPU
		{377B7F0C-E93C-F1B3-DA53-5A213F4D20D6}.TravisCI|Any CPU.Build.0 = Debug|Any CPU
		{7C05C555-3395-B73D-3441-D607D9E099F6}.Appveyor|Any CPU.ActiveCfg = Release|Any CPU
		{7C05C555-3395-B73D-3441-D607D9E099F6}.Appveyor|Any CPU.Build.0 = Release|Any CPU
		{7C05C555-3395-B73D-3441-D607D9E099F6}.Debug|Any CPU.ActiveCfg = Debug|Any CPU
		{7C05C555-3395-B73D-3441-D607D9E099F6}.Debug|Any CPU.Build.0 = Debug|Any CPU
		{7C05C555-3395-B73D-3441-D607D9E099F6}.Release|Any CPU.ActiveCfg = Release|Any CPU
		{7C05C555-3395-B73D-3441-D607D9E099F6}.Release|Any CPU.Build.0 = Release|Any CPU
		{7C05C555-3395-B73D-3441-D607D9E099F6}.TravisCI|Any CPU.ActiveCfg = Debug|Any CPU
		{7C05C555-3395-B73D-3441-D607D9E099F6}.TravisCI|Any CPU.Build.0 = Debug|Any CPU
	EndGlobalSection
	GlobalSection(SolutionProperties) = preSolution
		HideSolutionNode = FALSE
	EndGlobalSection
	GlobalSection(NestedProjects) = preSolution
		{8E71CBEC-5804-4125-B651-C78426E57C8C} = {1077810B-83FF-405E-94BD-95AFC284A416}
		{08B3641D-29F1-4E2B-BA88-84B2FFB436FF} = {585EE262-5337-4631-96C6-6EB1245B2B71}
		{0842DE6C-4270-440E-9666-255A0B2EC1D9} = {CB620063-55E2-4694-B1E0-E99BB032BF03}
		{98454B69-800A-4DEB-8D13-1E244BF15507} = {1077810B-83FF-405E-94BD-95AFC284A416}
		{3F83DE42-121D-4E7A-AB27-825AD8179D3C} = {1077810B-83FF-405E-94BD-95AFC284A416}
		{199335D6-9726-42E1-94F2-7D95932D4DDC} = {CB620063-55E2-4694-B1E0-E99BB032BF03}
		{47C1F452-E59C-42E3-8799-BF09444D8384} = {CB620063-55E2-4694-B1E0-E99BB032BF03}
		{B7B1A959-72F3-42C6-B138-93C8D654F139} = {CB620063-55E2-4694-B1E0-E99BB032BF03}
		{76AFDAE6-75F7-4E68-86CD-DE19CA47246B} = {1077810B-83FF-405E-94BD-95AFC284A416}
		{AA85C7DA-31CB-499B-A74F-CF4FDC8EF669} = {CB620063-55E2-4694-B1E0-E99BB032BF03}
		{06CF9DBB-D9F2-4242-BC81-48E8EBE749AC} = {CB620063-55E2-4694-B1E0-E99BB032BF03}
		{39D42761-EB25-49C3-9D96-0738E5179688} = {CB620063-55E2-4694-B1E0-E99BB032BF03}
		{B6B0B501-6E15-4E68-9A16-8A2E64BAA956} = {02EA681E-C7D8-13C7-8484-4AC65E1B71E8}
		{2C0D92EF-C57F-7A39-1BDA-64A9E3728EFD} = {02EA681E-C7D8-13C7-8484-4AC65E1B71E8}
		{3491E2FB-127F-D2C6-804B-49BD65C86B13} = {D53C0015-5761-4018-A50A-63C919C00D35}
		{377B7F0C-E93C-F1B3-DA53-5A213F4D20D6} = {FDB4614E-9C5D-4CBC-AEAD-6B930B2C889D}
		{7C05C555-3395-B73D-3441-D607D9E099F6} = {FDB4614E-9C5D-4CBC-AEAD-6B930B2C889D}
	EndGlobalSection
	GlobalSection(ExtensibilityGlobals) = postSolution
		SolutionGuid = {7AB995C3-E961-463C-8A55-3149C51761B5}
	EndGlobalSection
	GlobalSection(Performance) = preSolution
		HasPerformanceSessions = true
	EndGlobalSection
	GlobalSection(Performance) = preSolution
		HasPerformanceSessions = true
	EndGlobalSection
EndGlobal
